
Microsoft Visual Studio Solution File, Format Version 12.00
# Visual Studio Version 16
VisualStudioVersion = 16.0.30413.136
MinimumVisualStudioVersion = 10.0.40219.1
Project("{FAE04EC0-301F-11D3-BF4B-00C04F79EFBC}") = "TachoPlus", "TachoPlus\TachoPlus.csproj", "{3C5D5729-24A1-4941-A1EB-2573C4455AAC}"
EndProject
Global
	GlobalSection(SolutionConfigurationPlatforms) = preSolution
		Debug|Any CPU = Debug|Any CPU
		Debug|x86 = Debug|x86
		Release|Any CPU = Release|Any CPU
		Release|x86 = Release|x86
	EndGlobalSection
	GlobalSection(ProjectConfigurationPlatforms) = postSolution
		{3C5D5729-24A1-4941-A1EB-2573C4455AAC}.Debug|Any CPU.ActiveCfg = Debug|Any CPU
		{3C5D5729-24A1-4941-A1EB-2573C4455AAC}.Debug|Any CPU.Build.0 = Debug|Any CPU
		{3C5D5729-24A1-4941-A1EB-2573C4455AAC}.Debug|x86.ActiveCfg = Debug|x86
		{3C5D5729-24A1-4941-A1EB-2573C4455AAC}.Debug|x86.Build.0 = Debug|x86
		{3C5D5729-24A1-4941-A1EB-2573C4455AAC}.Release|Any CPU.ActiveCfg = Release|Any CPU
		{3C5D5729-24A1-4941-A1EB-2573C4455AAC}.Release|Any CPU.Build.0 = Release|Any CPU
		{3C5D5729-24A1-4941-A1EB-2573C4455AAC}.Release|x86.ActiveCfg = Release|x86
		{3C5D5729-24A1-4941-A1EB-2573C4455AAC}.Release|x86.Build.0 = Release|x86
	EndGlobalSection
	GlobalSection(SolutionProperties) = preSolution
		HideSolutionNode = FALSE
	EndGlobalSection
	GlobalSection(ExtensibilityGlobals) = postSolution
		SolutionGuid = {DEB17EE5-C114-4620-B36B-99DC5E50CB5F}
	EndGlobalSection
EndGlobal
